
Microsoft Visual Studio Solution File, Format Version 12.00
Project("{2150E333-8FDC-42A3-9474-1A3956D46DE8}") = "0 - Presentation", "0 - Presentation", "{2D1724E3-EF2C-4A84-B434-811A1DACB189}"
EndProject
Project("{FAE04EC0-301F-11D3-BF4B-00C04F79EFBC}") = "MKP.Presentation", "MKP.Presentation\MKP.Presentation.csproj", "{93DCF228-0CBD-4A80-9165-1038BE58A5B8}"
EndProject
Project("{2150E333-8FDC-42A3-9474-1A3956D46DE8}") = "1 - Domain", "1 - Domain", "{00A07793-30DD-47DE-904C-0F298E45EDF7}"
EndProject
Project("{FAE04EC0-301F-11D3-BF4B-00C04F79EFBC}") = "MKP.Domain", "MKP.Domain\MKP.Domain.csproj", "{2FF88ECD-4C96-4AD5-BEBF-5D992482B9F2}"
EndProject
Project("{2150E333-8FDC-42A3-9474-1A3956D46DE8}") = "2 - Data", "2 - Data", "{CCD145BE-23CE-4CF2-9A62-C343BBFBC704}"
EndProject
Project("{FAE04EC0-301F-11D3-BF4B-00C04F79EFBC}") = "MKP.Data", "MKP.Data\MKP.Data.csproj", "{D24BE07C-4E76-43F6-862B-7214721B5DFC}"
EndProject
Global
	GlobalSection(SolutionConfigurationPlatforms) = preSolution
		Debug|Any CPU = Debug|Any CPU
		Release|Any CPU = Release|Any CPU
	EndGlobalSection
	GlobalSection(NestedProjects) = preSolution
		{93DCF228-0CBD-4A80-9165-1038BE58A5B8} = {2D1724E3-EF2C-4A84-B434-811A1DACB189}
		{2FF88ECD-4C96-4AD5-BEBF-5D992482B9F2} = {00A07793-30DD-47DE-904C-0F298E45EDF7}
		{D24BE07C-4E76-43F6-862B-7214721B5DFC} = {CCD145BE-23CE-4CF2-9A62-C343BBFBC704}
	EndGlobalSection
	GlobalSection(ProjectConfigurationPlatforms) = postSolution
		{93DCF228-0CBD-4A80-9165-1038BE58A5B8}.Debug|Any CPU.ActiveCfg = Debug|Any CPU
		{93DCF228-0CBD-4A80-9165-1038BE58A5B8}.Debug|Any CPU.Build.0 = Debug|Any CPU
		{93DCF228-0CBD-4A80-9165-1038BE58A5B8}.Release|Any CPU.ActiveCfg = Release|Any CPU
		{93DCF228-0CBD-4A80-9165-1038BE58A5B8}.Release|Any CPU.Build.0 = Release|Any CPU
		{2FF88ECD-4C96-4AD5-BEBF-5D992482B9F2}.Debug|Any CPU.ActiveCfg = Debug|Any CPU
		{2FF88ECD-4C96-4AD5-BEBF-5D992482B9F2}.Debug|Any CPU.Build.0 = Debug|Any CPU
		{2FF88ECD-4C96-4AD5-BEBF-5D992482B9F2}.Release|Any CPU.ActiveCfg = Release|Any CPU
		{2FF88ECD-4C96-4AD5-BEBF-5D992482B9F2}.Release|Any CPU.Build.0 = Release|Any CPU
		{D24BE07C-4E76-43F6-862B-7214721B5DFC}.Debug|Any CPU.ActiveCfg = Debug|Any CPU
		{D24BE07C-4E76-43F6-862B-7214721B5DFC}.Debug|Any CPU.Build.0 = Debug|Any CPU
		{D24BE07C-4E76-43F6-862B-7214721B5DFC}.Release|Any CPU.ActiveCfg = Release|Any CPU
		{D24BE07C-4E76-43F6-862B-7214721B5DFC}.Release|Any CPU.Build.0 = Release|Any CPU
	EndGlobalSection
EndGlobal
